// !$*UTF8*$!
{
	archiveVersion = 1;
	classes = {
	};
	objectVersion = 44;
	objects = {

/* Begin PBXBuildFile section */
		8D11072A0486CEB800E47090 /* MainMenu.nib in Resources */ = {isa = PBXBuildFile; fileRef = 29B97318FDCFA39411CA2CEA /* MainMenu.nib */; };
		8D11072B0486CEB800E47090 /* InfoPlist.strings in Resources */ = {isa = PBXBuildFile; fileRef = 089C165CFE840E0CC02AAC07 /* InfoPlist.strings */; };
		8D11072D0486CEB800E47090 /* main.m in Sources */ = {isa = PBXBuildFile; fileRef = 29B97316FDCFA39411CA2CEA /* main.m */; settings = {ATTRIBUTES = (); }; };
		8D11072F0486CEB800E47090 /* Cocoa.framework in Frameworks */ = {isa = PBXBuildFile; fileRef = 1058C7A1FEA54F0111CA2CBB /* Cocoa.framework */; };
		DC74B1220EE237ED004A1F31 /* libcrypto.dylib in Frameworks */ = {isa = PBXBuildFile; fileRef = DC74B1210EE237ED004A1F31 /* libcrypto.dylib */; };
		DC74B1320EE2387F004A1F31 /* ThreadPoolServer.m in Sources */ = {isa = PBXBuildFile; fileRef = DC74B1310EE2387F004A1F31 /* ThreadPoolServer.m */; };
		DC74B18A0EE240F5004A1F31 /* ThreadPerConnectionServer.m in Sources */ = {isa = PBXBuildFile; fileRef = DC74B1890EE240F5004A1F31 /* ThreadPerConnectionServer.m */; };
		DC9A09A2128A528C006AD900 /* HTTPMessage.m in Sources */ = {isa = PBXBuildFile; fileRef = DC9A09A1128A528C006AD900 /* HTTPMessage.m */; };
		DCAF3D580E56208700FAFF89 /* AppDelegate.m in Sources */ = {isa = PBXBuildFile; fileRef = DCAF3D570E56208700FAFF89 /* AppDelegate.m */; };
		DCD06676123C96EC006BC411 /* SSCrypto.m in Sources */ = {isa = PBXBuildFile; fileRef = DCD06675123C96EC006BC411 /* SSCrypto.m */; };
		DCD0667D123C96FE006BC411 /* DDData.m in Sources */ = {isa = PBXBuildFile; fileRef = DCD06678123C96FE006BC411 /* DDData.m */; };
		DCD0667E123C96FE006BC411 /* DDNumber.m in Sources */ = {isa = PBXBuildFile; fileRef = DCD0667A123C96FE006BC411 /* DDNumber.m */; };
		DCD0667F123C96FE006BC411 /* DDRange.m in Sources */ = {isa = PBXBuildFile; fileRef = DCD0667C123C96FE006BC411 /* DDRange.m */; };
		DCD06682123C9713006BC411 /* AsyncSocket.m in Sources */ = {isa = PBXBuildFile; fileRef = DCD06681123C9713006BC411 /* AsyncSocket.m */; };
		DCD0668F123C9729006BC411 /* HTTPAsyncFileResponse.m in Sources */ = {isa = PBXBuildFile; fileRef = DCD06684123C9729006BC411 /* HTTPAsyncFileResponse.m */; };
		DCD06690123C9729006BC411 /* HTTPAuthenticationRequest.m in Sources */ = {isa = PBXBuildFile; fileRef = DCD06686123C9729006BC411 /* HTTPAuthenticationRequest.m */; };
		DCD06691123C9729006BC411 /* HTTPConnection.m in Sources */ = {isa = PBXBuildFile; fileRef = DCD06688123C9729006BC411 /* HTTPConnection.m */; };
		DCD06692123C9729006BC411 /* HTTPDynamicFileResponse.m in Sources */ = {isa = PBXBuildFile; fileRef = DCD0668A123C9729006BC411 /* HTTPDynamicFileResponse.m */; };
		DCD06693123C9729006BC411 /* HTTPResponse.m in Sources */ = {isa = PBXBuildFile; fileRef = DCD0668C123C9729006BC411 /* HTTPResponse.m */; };
		DCD06694123C9729006BC411 /* HTTPServer.m in Sources */ = {isa = PBXBuildFile; fileRef = DCD0668E123C9729006BC411 /* HTTPServer.m */; };
		DCD06698123C9761006BC411 /* WebSocket.m in Sources */ = {isa = PBXBuildFile; fileRef = DCD06697123C9761006BC411 /* WebSocket.m */; };
/* End PBXBuildFile section */

/* Begin PBXCopyFilesBuildPhase section */
		DCAF3D510E561FB200FAFF89 /* Copy Internal Frameworks */ = {
			isa = PBXCopyFilesBuildPhase;
			buildActionMask = 2147483647;
			dstPath = "";
			dstSubfolderSpec = 10;
			files = (
			);
			name = "Copy Internal Frameworks";
			runOnlyForDeploymentPostprocessing = 0;
		};
/* End PBXCopyFilesBuildPhase section */

/* Begin PBXFileReference section */
		089C165DFE840E0CC02AAC07 /* English */ = {isa = PBXFileReference; fileEncoding = 10; lastKnownFileType = text.plist.strings; name = English; path = English.lproj/InfoPlist.strings; sourceTree = "<group>"; };
		1058C7A1FEA54F0111CA2CBB /* Cocoa.framework */ = {isa = PBXFileReference; lastKnownFileType = wrapper.framework; name = Cocoa.framework; path = /System/Library/Frameworks/Cocoa.framework; sourceTree = "<absolute>"; };
		13E42FB307B3F0F600E4EEF1 /* CoreData.framework */ = {isa = PBXFileReference; lastKnownFileType = wrapper.framework; name = CoreData.framework; path = /System/Library/Frameworks/CoreData.framework; sourceTree = "<absolute>"; };
		29B97316FDCFA39411CA2CEA /* main.m */ = {isa = PBXFileReference; fileEncoding = 4; lastKnownFileType = sourcecode.c.objc; path = main.m; sourceTree = "<group>"; };
		29B97319FDCFA39411CA2CEA /* English */ = {isa = PBXFileReference; lastKnownFileType = wrapper.nib; name = English; path = English.lproj/MainMenu.nib; sourceTree = "<group>"; };
		29B97324FDCFA39411CA2CEA /* AppKit.framework */ = {isa = PBXFileReference; lastKnownFileType = wrapper.framework; name = AppKit.framework; path = /System/Library/Frameworks/AppKit.framework; sourceTree = "<absolute>"; };
		29B97325FDCFA39411CA2CEA /* Foundation.framework */ = {isa = PBXFileReference; lastKnownFileType = wrapper.framework; name = Foundation.framework; path = /System/Library/Frameworks/Foundation.framework; sourceTree = "<absolute>"; };
		32CA4F630368D1EE00C91783 /* MultiThreadedHTTPServer_Prefix.pch */ = {isa = PBXFileReference; fileEncoding = 4; lastKnownFileType = sourcecode.c.h; path = MultiThreadedHTTPServer_Prefix.pch; sourceTree = "<group>"; };
		8D1107310486CEB800E47090 /* Info.plist */ = {isa = PBXFileReference; fileEncoding = 4; lastKnownFileType = text.plist.xml; path = Info.plist; sourceTree = "<group>"; };
		8D1107320486CEB800E47090 /* MultiThreadedHTTPServer.app */ = {isa = PBXFileReference; explicitFileType = wrapper.application; includeInIndex = 0; path = MultiThreadedHTTPServer.app; sourceTree = BUILT_PRODUCTS_DIR; };
		DC74B1210EE237ED004A1F31 /* libcrypto.dylib */ = {isa = PBXFileReference; lastKnownFileType = "compiled.mach-o.dylib"; name = libcrypto.dylib; path = /usr/lib/libcrypto.dylib; sourceTree = "<absolute>"; };
		DC74B1300EE2387F004A1F31 /* ThreadPoolServer.h */ = {isa = PBXFileReference; fileEncoding = 4; lastKnownFileType = sourcecode.c.h; path = ThreadPoolServer.h; sourceTree = "<group>"; };
		DC74B1310EE2387F004A1F31 /* ThreadPoolServer.m */ = {isa = PBXFileReference; fileEncoding = 4; lastKnownFileType = sourcecode.c.objc; path = ThreadPoolServer.m; sourceTree = "<group>"; };
		DC74B1880EE240F5004A1F31 /* ThreadPerConnectionServer.h */ = {isa = PBXFileReference; fileEncoding = 4; lastKnownFileType = sourcecode.c.h; path = ThreadPerConnectionServer.h; sourceTree = "<group>"; };
		DC74B1890EE240F5004A1F31 /* ThreadPerConnectionServer.m */ = {isa = PBXFileReference; fileEncoding = 4; lastKnownFileType = sourcecode.c.objc; path = ThreadPerConnectionServer.m; sourceTree = "<group>"; };
		DC9A09A0128A528C006AD900 /* HTTPMessage.h */ = {isa = PBXFileReference; fileEncoding = 4; lastKnownFileType = sourcecode.c.h; name = HTTPMessage.h; path = ../../HTTPMessage.h; sourceTree = SOURCE_ROOT; };
		DC9A09A1128A528C006AD900 /* HTTPMessage.m */ = {isa = PBXFileReference; fileEncoding = 4; lastKnownFileType = sourcecode.c.objc; name = HTTPMessage.m; path = ../../HTTPMessage.m; sourceTree = SOURCE_ROOT; };
		DCAF3D560E56208700FAFF89 /* AppDelegate.h */ = {isa = PBXFileReference; fileEncoding = 4; lastKnownFileType = sourcecode.c.h; path = AppDelegate.h; sourceTree = "<group>"; };
		DCAF3D570E56208700FAFF89 /* AppDelegate.m */ = {isa = PBXFileReference; fileEncoding = 4; lastKnownFileType = sourcecode.c.objc; path = AppDelegate.m; sourceTree = "<group>"; };
		DCD06674123C96EC006BC411 /* SSCrypto.h */ = {isa = PBXFileReference; fileEncoding = 4; lastKnownFileType = sourcecode.c.h; name = SSCrypto.h; path = ../../SSCrypto.h; sourceTree = SOURCE_ROOT; };
		DCD06675123C96EC006BC411 /* SSCrypto.m */ = {isa = PBXFileReference; fileEncoding = 4; lastKnownFileType = sourcecode.c.objc; name = SSCrypto.m; path = ../../SSCrypto.m; sourceTree = SOURCE_ROOT; };
		DCD06677123C96FE006BC411 /* DDData.h */ = {isa = PBXFileReference; fileEncoding = 4; lastKnownFileType = sourcecode.c.h; name = DDData.h; path = ../../DDData.h; sourceTree = SOURCE_ROOT; };
		DCD06678123C96FE006BC411 /* DDData.m */ = {isa = PBXFileReference; fileEncoding = 4; lastKnownFileType = sourcecode.c.objc; name = DDData.m; path = ../../DDData.m; sourceTree = SOURCE_ROOT; };
		DCD06679123C96FE006BC411 /* DDNumber.h */ = {isa = PBXFileReference; fileEncoding = 4; lastKnownFileType = sourcecode.c.h; name = DDNumber.h; path = ../../DDNumber.h; sourceTree = SOURCE_ROOT; };
		DCD0667A123C96FE006BC411 /* DDNumber.m */ = {isa = PBXFileReference; fileEncoding = 4; lastKnownFileType = sourcecode.c.objc; name = DDNumber.m; path = ../../DDNumber.m; sourceTree = SOURCE_ROOT; };
		DCD0667B123C96FE006BC411 /* DDRange.h */ = {isa = PBXFileReference; fileEncoding = 4; lastKnownFileType = sourcecode.c.h; name = DDRange.h; path = ../../DDRange.h; sourceTree = SOURCE_ROOT; };
		DCD0667C123C96FE006BC411 /* DDRange.m */ = {isa = PBXFileReference; fileEncoding = 4; lastKnownFileType = sourcecode.c.objc; name = DDRange.m; path = ../../DDRange.m; sourceTree = SOURCE_ROOT; };
		DCD06680123C9713006BC411 /* AsyncSocket.h */ = {isa = PBXFileReference; fileEncoding = 4; lastKnownFileType = sourcecode.c.h; name = AsyncSocket.h; path = ../../AsyncSocket.h; sourceTree = SOURCE_ROOT; };
		DCD06681123C9713006BC411 /* AsyncSocket.m */ = {isa = PBXFileReference; fileEncoding = 4; lastKnownFileType = sourcecode.c.objc; name = AsyncSocket.m; path = ../../AsyncSocket.m; sourceTree = SOURCE_ROOT; };
		DCD06683123C9729006BC411 /* HTTPAsyncFileResponse.h */ = {isa = PBXFileReference; fileEncoding = 4; lastKnownFileType = sourcecode.c.h; name = HTTPAsyncFileResponse.h; path = ../../HTTPAsyncFileResponse.h; sourceTree = SOURCE_ROOT; };
		DCD06684123C9729006BC411 /* HTTPAsyncFileResponse.m */ = {isa = PBXFileReference; fileEncoding = 4; lastKnownFileType = sourcecode.c.objc; name = HTTPAsyncFileResponse.m; path = ../../HTTPAsyncFileResponse.m; sourceTree = SOURCE_ROOT; };
		DCD06685123C9729006BC411 /* HTTPAuthenticationRequest.h */ = {isa = PBXFileReference; fileEncoding = 4; lastKnownFileType = sourcecode.c.h; name = HTTPAuthenticationRequest.h; path = ../../HTTPAuthenticationRequest.h; sourceTree = SOURCE_ROOT; };
		DCD06686123C9729006BC411 /* HTTPAuthenticationRequest.m */ = {isa = PBXFileReference; fileEncoding = 4; lastKnownFileType = sourcecode.c.objc; name = HTTPAuthenticationRequest.m; path = ../../HTTPAuthenticationRequest.m; sourceTree = SOURCE_ROOT; };
		DCD06687123C9729006BC411 /* HTTPConnection.h */ = {isa = PBXFileReference; fileEncoding = 4; lastKnownFileType = sourcecode.c.h; name = HTTPConnection.h; path = ../../HTTPConnection.h; sourceTree = SOURCE_ROOT; };
		DCD06688123C9729006BC411 /* HTTPConnection.m */ = {isa = PBXFileReference; fileEncoding = 4; lastKnownFileType = sourcecode.c.objc; name = HTTPConnection.m; path = ../../HTTPConnection.m; sourceTree = SOURCE_ROOT; };
		DCD06689123C9729006BC411 /* HTTPDynamicFileResponse.h */ = {isa = PBXFileReference; fileEncoding = 4; lastKnownFileType = sourcecode.c.h; name = HTTPDynamicFileResponse.h; path = ../../HTTPDynamicFileResponse.h; sourceTree = SOURCE_ROOT; };
		DCD0668A123C9729006BC411 /* HTTPDynamicFileResponse.m */ = {isa = PBXFileReference; fileEncoding = 4; lastKnownFileType = sourcecode.c.objc; name = HTTPDynamicFileResponse.m; path = ../../HTTPDynamicFileResponse.m; sourceTree = SOURCE_ROOT; };
		DCD0668B123C9729006BC411 /* HTTPResponse.h */ = {isa = PBXFileReference; fileEncoding = 4; lastKnownFileType = sourcecode.c.h; name = HTTPResponse.h; path = ../../HTTPResponse.h; sourceTree = SOURCE_ROOT; };
		DCD0668C123C9729006BC411 /* HTTPResponse.m */ = {isa = PBXFileReference; fileEncoding = 4; lastKnownFileType = sourcecode.c.objc; name = HTTPResponse.m; path = ../../HTTPResponse.m; sourceTree = SOURCE_ROOT; };
		DCD0668D123C9729006BC411 /* HTTPServer.h */ = {isa = PBXFileReference; fileEncoding = 4; lastKnownFileType = sourcecode.c.h; name = HTTPServer.h; path = ../../HTTPServer.h; sourceTree = SOURCE_ROOT; };
		DCD0668E123C9729006BC411 /* HTTPServer.m */ = {isa = PBXFileReference; fileEncoding = 4; lastKnownFileType = sourcecode.c.objc; name = HTTPServer.m; path = ../../HTTPServer.m; sourceTree = SOURCE_ROOT; };
		DCD06696123C9761006BC411 /* WebSocket.h */ = {isa = PBXFileReference; fileEncoding = 4; lastKnownFileType = sourcecode.c.h; name = WebSocket.h; path = ../../WebSocket.h; sourceTree = SOURCE_ROOT; };
		DCD06697123C9761006BC411 /* WebSocket.m */ = {isa = PBXFileReference; fileEncoding = 4; lastKnownFileType = sourcecode.c.objc; name = WebSocket.m; path = ../../WebSocket.m; sourceTree = SOURCE_ROOT; };
/* End PBXFileReference section */

/* Begin PBXFrameworksBuildPhase section */
		8D11072E0486CEB800E47090 /* Frameworks */ = {
			isa = PBXFrameworksBuildPhase;
			buildActionMask = 2147483647;
			files = (
				8D11072F0486CEB800E47090 /* Cocoa.framework in Frameworks */,
				DC74B1220EE237ED004A1F31 /* libcrypto.dylib in Frameworks */,
			);
			runOnlyForDeploymentPostprocessing = 0;
		};
/* End PBXFrameworksBuildPhase section */

/* Begin PBXGroup section */
		080E96DDFE201D6D7F000001 /* Classes */ = {
			isa = PBXGroup;
			children = (
				DCAF3D560E56208700FAFF89 /* AppDelegate.h */,
				DCAF3D570E56208700FAFF89 /* AppDelegate.m */,
				DC74B1300EE2387F004A1F31 /* ThreadPoolServer.h */,
				DC74B1310EE2387F004A1F31 /* ThreadPoolServer.m */,
				DC74B1880EE240F5004A1F31 /* ThreadPerConnectionServer.h */,
				DC74B1890EE240F5004A1F31 /* ThreadPerConnectionServer.m */,
			);
			name = Classes;
			sourceTree = "<group>";
		};
		1058C7A0FEA54F0111CA2CBB /* Linked Frameworks */ = {
			isa = PBXGroup;
			children = (
				1058C7A1FEA54F0111CA2CBB /* Cocoa.framework */,
				DC74B1210EE237ED004A1F31 /* libcrypto.dylib */,
			);
			name = "Linked Frameworks";
			sourceTree = "<group>";
		};
		1058C7A2FEA54F0111CA2CBB /* Other Frameworks */ = {
			isa = PBXGroup;
			children = (
				29B97324FDCFA39411CA2CEA /* AppKit.framework */,
				13E42FB307B3F0F600E4EEF1 /* CoreData.framework */,
				29B97325FDCFA39411CA2CEA /* Foundation.framework */,
			);
			name = "Other Frameworks";
			sourceTree = "<group>";
		};
		19C28FACFE9D520D11CA2CBB /* Products */ = {
			isa = PBXGroup;
			children = (
				8D1107320486CEB800E47090 /* MultiThreadedHTTPServer.app */,
			);
			name = Products;
			sourceTree = "<group>";
		};
		29B97314FDCFA39411CA2CEA /* MultiThreadedHTTPServer */ = {
			isa = PBXGroup;
			children = (
				DC74B11B0EE237B2004A1F31 /* SSCrypto */,
				DC74B12C0EE23811004A1F31 /* Categories */,
				DCAF3D3E0E561F2B00FAFF89 /* TCP */,
				DCAF3D420E561F3D00FAFF89 /* HTTP */,
				080E96DDFE201D6D7F000001 /* Classes */,
				29B97315FDCFA39411CA2CEA /* Other Sources */,
				29B97317FDCFA39411CA2CEA /* Resources */,
				29B97323FDCFA39411CA2CEA /* Frameworks */,
				19C28FACFE9D520D11CA2CBB /* Products */,
			);
			name = MultiThreadedHTTPServer;
			sourceTree = "<group>";
		};
		29B97315FDCFA39411CA2CEA /* Other Sources */ = {
			isa = PBXGroup;
			children = (
				32CA4F630368D1EE00C91783 /* MultiThreadedHTTPServer_Prefix.pch */,
				29B97316FDCFA39411CA2CEA /* main.m */,
			);
			name = "Other Sources";
			sourceTree = "<group>";
		};
		29B97317FDCFA39411CA2CEA /* Resources */ = {
			isa = PBXGroup;
			children = (
				8D1107310486CEB800E47090 /* Info.plist */,
				089C165CFE840E0CC02AAC07 /* InfoPlist.strings */,
				29B97318FDCFA39411CA2CEA /* MainMenu.nib */,
			);
			name = Resources;
			sourceTree = "<group>";
		};
		29B97323FDCFA39411CA2CEA /* Frameworks */ = {
			isa = PBXGroup;
			children = (
				1058C7A0FEA54F0111CA2CBB /* Linked Frameworks */,
				1058C7A2FEA54F0111CA2CBB /* Other Frameworks */,
			);
			name = Frameworks;
			sourceTree = "<group>";
		};
		DC74B11B0EE237B2004A1F31 /* SSCrypto */ = {
			isa = PBXGroup;
			children = (
				DCD06674123C96EC006BC411 /* SSCrypto.h */,
				DCD06675123C96EC006BC411 /* SSCrypto.m */,
			);
			name = SSCrypto;
			sourceTree = "<group>";
		};
		DC74B12C0EE23811004A1F31 /* Categories */ = {
			isa = PBXGroup;
			children = (
				DCD06679123C96FE006BC411 /* DDNumber.h */,
				DCD0667A123C96FE006BC411 /* DDNumber.m */,
				DCD0667B123C96FE006BC411 /* DDRange.h */,
				DCD0667C123C96FE006BC411 /* DDRange.m */,
				DCD06677123C96FE006BC411 /* DDData.h */,
				DCD06678123C96FE006BC411 /* DDData.m */,
			);
			name = Categories;
			sourceTree = "<group>";
		};
		DCAF3D3E0E561F2B00FAFF89 /* TCP */ = {
			isa = PBXGroup;
			children = (
				DCD06680123C9713006BC411 /* AsyncSocket.h */,
				DCD06681123C9713006BC411 /* AsyncSocket.m */,
			);
			name = TCP;
			sourceTree = "<group>";
		};
		DCAF3D420E561F3D00FAFF89 /* HTTP */ = {
			isa = PBXGroup;
			children = (
				DCD06685123C9729006BC411 /* HTTPAuthenticationRequest.h */,
				DCD06686123C9729006BC411 /* HTTPAuthenticationRequest.m */,
				DCD0668D123C9729006BC411 /* HTTPServer.h */,
				DCD0668E123C9729006BC411 /* HTTPServer.m */,
				DCD06687123C9729006BC411 /* HTTPConnection.h */,
				DCD06688123C9729006BC411 /* HTTPConnection.m */,
				DC9A09A0128A528C006AD900 /* HTTPMessage.h */,
				DC9A09A1128A528C006AD900 /* HTTPMessage.m */,
				DCD0668B123C9729006BC411 /* HTTPResponse.h */,
				DCD0668C123C9729006BC411 /* HTTPResponse.m */,
				DCD06696123C9761006BC411 /* WebSocket.h */,
				DCD06697123C9761006BC411 /* WebSocket.m */,
				DCD06695123C972E006BC411 /* Advanced */,
			);
			name = HTTP;
			sourceTree = "<group>";
		};
		DCD06695123C972E006BC411 /* Advanced */ = {
			isa = PBXGroup;
			children = (
				DCD06683123C9729006BC411 /* HTTPAsyncFileResponse.h */,
				DCD06684123C9729006BC411 /* HTTPAsyncFileResponse.m */,
				DCD06689123C9729006BC411 /* HTTPDynamicFileResponse.h */,
				DCD0668A123C9729006BC411 /* HTTPDynamicFileResponse.m */,
			);
			name = Advanced;
			sourceTree = "<group>";
		};
/* End PBXGroup section */

/* Begin PBXNativeTarget section */
		8D1107260486CEB800E47090 /* MultiThreadedHTTPServer */ = {
			isa = PBXNativeTarget;
			buildConfigurationList = C01FCF4A08A954540054247B /* Build configuration list for PBXNativeTarget "MultiThreadedHTTPServer" */;
			buildPhases = (
				8D1107290486CEB800E47090 /* Resources */,
				8D11072C0486CEB800E47090 /* Sources */,
				8D11072E0486CEB800E47090 /* Frameworks */,
				DCAF3D510E561FB200FAFF89 /* Copy Internal Frameworks */,
			);
			buildRules = (
			);
			dependencies = (
			);
			name = MultiThreadedHTTPServer;
			productInstallPath = "$(HOME)/Applications";
			productName = MultiThreadedHTTPServer;
			productReference = 8D1107320486CEB800E47090 /* MultiThreadedHTTPServer.app */;
			productType = "com.apple.product-type.application";
		};
/* End PBXNativeTarget section */

/* Begin PBXProject section */
		29B97313FDCFA39411CA2CEA /* Project object */ = {
			isa = PBXProject;
			buildConfigurationList = C01FCF4E08A954540054247B /* Build configuration list for PBXProject "MultiThreadedHTTPServer" */;
			compatibilityVersion = "Xcode 3.0";
			developmentRegion = English;
			hasScannedForEncodings = 1;
			knownRegions = (
				English,
				Japanese,
				French,
				German,
			);
			mainGroup = 29B97314FDCFA39411CA2CEA /* MultiThreadedHTTPServer */;
			projectDirPath = "";
			projectRoot = "";
			targets = (
				8D1107260486CEB800E47090 /* MultiThreadedHTTPServer */,
			);
		};
/* End PBXProject section */

/* Begin PBXResourcesBuildPhase section */
		8D1107290486CEB800E47090 /* Resources */ = {
			isa = PBXResourcesBuildPhase;
			buildActionMask = 2147483647;
			files = (
				8D11072A0486CEB800E47090 /* MainMenu.nib in Resources */,
				8D11072B0486CEB800E47090 /* InfoPlist.strings in Resources */,
			);
			runOnlyForDeploymentPostprocessing = 0;
		};
/* End PBXResourcesBuildPhase section */

/* Begin PBXSourcesBuildPhase section */
		8D11072C0486CEB800E47090 /* Sources */ = {
			isa = PBXSourcesBuildPhase;
			buildActionMask = 2147483647;
			files = (
				8D11072D0486CEB800E47090 /* main.m in Sources */,
				DCAF3D580E56208700FAFF89 /* AppDelegate.m in Sources */,
				DC74B1320EE2387F004A1F31 /* ThreadPoolServer.m in Sources */,
				DC74B18A0EE240F5004A1F31 /* ThreadPerConnectionServer.m in Sources */,
				DCD06676123C96EC006BC411 /* SSCrypto.m in Sources */,
				DCD0667D123C96FE006BC411 /* DDData.m in Sources */,
				DCD0667E123C96FE006BC411 /* DDNumber.m in Sources */,
				DCD0667F123C96FE006BC411 /* DDRange.m in Sources */,
				DCD06682123C9713006BC411 /* AsyncSocket.m in Sources */,
				DCD0668F123C9729006BC411 /* HTTPAsyncFileResponse.m in Sources */,
				DCD06690123C9729006BC411 /* HTTPAuthenticationRequest.m in Sources */,
				DCD06691123C9729006BC411 /* HTTPConnection.m in Sources */,
				DCD06692123C9729006BC411 /* HTTPDynamicFileResponse.m in Sources */,
				DCD06693123C9729006BC411 /* HTTPResponse.m in Sources */,
				DCD06694123C9729006BC411 /* HTTPServer.m in Sources */,
				DCD06698123C9761006BC411 /* WebSocket.m in Sources */,
				DC9A09A2128A528C006AD900 /* HTTPMessage.m in Sources */,
			);
			runOnlyForDeploymentPostprocessing = 0;
		};
/* End PBXSourcesBuildPhase section */

/* Begin PBXVariantGroup section */
		089C165CFE840E0CC02AAC07 /* InfoPlist.strings */ = {
			isa = PBXVariantGroup;
			children = (
				089C165DFE840E0CC02AAC07 /* English */,
			);
			name = InfoPlist.strings;
			sourceTree = "<group>";
		};
		29B97318FDCFA39411CA2CEA /* MainMenu.nib */ = {
			isa = PBXVariantGroup;
			children = (
				29B97319FDCFA39411CA2CEA /* English */,
			);
			name = MainMenu.nib;
			sourceTree = "<group>";
		};
/* End PBXVariantGroup section */

/* Begin XCBuildConfiguration section */
		C01FCF4B08A954540054247B /* Debug */ = {
			isa = XCBuildConfiguration;
			buildSettings = {
				COPY_PHASE_STRIP = NO;
				FRAMEWORK_SEARCH_PATHS = (
					"$(inherited)",
					"\"$(SRCROOT)\"",
				);
				GCC_DYNAMIC_NO_PIC = NO;
				GCC_ENABLE_FIX_AND_CONTINUE = YES;
				GCC_MODEL_TUNING = G5;
				GCC_OPTIMIZATION_LEVEL = 0;
				GCC_PRECOMPILE_PREFIX_HEADER = YES;
				GCC_PREFIX_HEADER = MultiThreadedHTTPServer_Prefix.pch;
				INFOPLIST_FILE = Info.plist;
				INSTALL_PATH = "$(HOME)/Applications";
				PRODUCT_NAME = MultiThreadedHTTPServer;
				WRAPPER_EXTENSION = app;
				ZERO_LINK = YES;
			};
			name = Debug;
		};
		C01FCF4C08A954540054247B /* Release */ = {
			isa = XCBuildConfiguration;
			buildSettings = {
				DEBUG_INFORMATION_FORMAT = "dwarf-with-dsym";
				FRAMEWORK_SEARCH_PATHS = (
					"$(inherited)",
					"\"$(SRCROOT)\"",
				);
				GCC_MODEL_TUNING = G5;
				GCC_PRECOMPILE_PREFIX_HEADER = YES;
				GCC_PREFIX_HEADER = MultiThreadedHTTPServer_Prefix.pch;
				INFOPLIST_FILE = Info.plist;
				INSTALL_PATH = "$(HOME)/Applications";
				PRODUCT_NAME = MultiThreadedHTTPServer;
				WRAPPER_EXTENSION = app;
			};
			name = Release;
		};
		C01FCF4F08A954540054247B /* Debug */ = {
			isa = XCBuildConfiguration;
			buildSettings = {
				ARCHS = "$(ONLY_ACTIVE_ARCH_PRE_XCODE_3_1)";
				GCC_WARN_ABOUT_RETURN_TYPE = YES;
				GCC_WARN_UNUSED_VARIABLE = YES;
				ONLY_ACTIVE_ARCH_PRE_XCODE_3_1 = "$(NATIVE_ARCH_ACTUAL)";
				PREBINDING = NO;
				SDKROOT = "$(DEVELOPER_SDK_DIR)/MacOSX10.6.sdk";
			};
			name = Debug;
		};
		C01FCF5008A954540054247B /* Release */ = {
			isa = XCBuildConfiguration;
			buildSettings = {
				ARCHS = "$(ARCHS_STANDARD_32_64_BIT_PRE_XCODE_3_1)";
				ARCHS_STANDARD_32_64_BIT_PRE_XCODE_3_1 = "x86_64 i386 ppc";
				GCC_WARN_ABOUT_RETURN_TYPE = YES;
				GCC_WARN_UNUSED_VARIABLE = YES;
				PREBINDING = NO;
				SDKROOT = "$(DEVELOPER_SDK_DIR)/MacOSX10.6.sdk";
			};
			name = Release;
		};
/* End XCBuildConfiguration section */

/* Begin XCConfigurationList section */
		C01FCF4A08A954540054247B /* Build configuration list for PBXNativeTarget "MultiThreadedHTTPServer" */ = {
			isa = XCConfigurationList;
			buildConfigurations = (
				C01FCF4B08A954540054247B /* Debug */,
				C01FCF4C08A954540054247B /* Release */,
			);
			defaultConfigurationIsVisible = 0;
			defaultConfigurationName = Release;
		};
		C01FCF4E08A954540054247B /* Build configuration list for PBXProject "MultiThreadedHTTPServer" */ = {
			isa = XCConfigurationList;
			buildConfigurations = (
				C01FCF4F08A954540054247B /* Debug */,
				C01FCF5008A954540054247B /* Release */,
			);
			defaultConfigurationIsVisible = 0;
			defaultConfigurationName = Release;
		};
/* End XCConfigurationList section */
	};
	rootObject = 29B97313FDCFA39411CA2CEA /* Project object */;
}
