PODS:
  - CocoaAsyncSocket (7.6.1)

DEPENDENCIES:
  - CocoaAsyncSocket (from `../../CocoaAsyncSocket.podspec`)

EXTERNAL SOURCES:
  CocoaAsyncSocket:
    :path: ../../CocoaAsyncSocket.podspec

SPEC CHECKSUMS:
  CocoaAsyncSocket: d2e2218081934d7a558199990af5db45b2e832a0

PODFILE CHECKSUM: e2d5a11e69cc6a8c9e8f637d8505ac427b7b8e02

COCOAPODS: 1.4.0
