PODS:
  - CocoaAsyncSocket (7.6.3)

DEPENDENCIES:
  - CocoaAsyncSocket (from `../../CocoaAsyncSocket.podspec`)

EXTERNAL SOURCES:
  CocoaAsyncSocket:
    :path: ../../CocoaAsyncSocket.podspec

SPEC CHECKSUMS:
  CocoaAsyncSocket: 97224bc66770fec0bc5fb373a752a62406cd31ee

PODFILE CHECKSUM: e2d5a11e69cc6a8c9e8f637d8505ac427b7b8e02

COCOAPODS: 1.4.0
