PODS:
  - CocoaAsyncSocket (7.6.0)

DEPENDENCIES:
  - CocoaAsyncSocket (from `../../CocoaAsyncSocket.podspec`)

EXTERNAL SOURCES:
  CocoaAsyncSocket:
    :path: "../../CocoaAsyncSocket.podspec"

SPEC CHECKSUMS:
  CocoaAsyncSocket: b9d5589f07baf9de8f34cc25abd4fcba28f13805

PODFILE CHECKSUM: e2d5a11e69cc6a8c9e8f637d8505ac427b7b8e02

COCOAPODS: 1.2.0
