PODS:
  - CocoaAsyncSocket (7.6.3)

DEPENDENCIES:
  - CocoaAsyncSocket (from `../../CocoaAsyncSocket.podspec`)

EXTERNAL SOURCES:
  CocoaAsyncSocket:
    :path: ../../CocoaAsyncSocket.podspec

SPEC CHECKSUMS:
  CocoaAsyncSocket: 97224bc66770fec0bc5fb373a752a62406cd31ee

PODFILE CHECKSUM: 7ab0033c45d6145d209ac97a4d0f7905792ec3af

COCOAPODS: 1.4.0
