PODS:
  - CocoaAsyncSocket (7.6.0)

DEPENDENCIES:
  - CocoaAsyncSocket (from `../../CocoaAsyncSocket.podspec`)

EXTERNAL SOURCES:
  CocoaAsyncSocket:
    :path: "../../CocoaAsyncSocket.podspec"

SPEC CHECKSUMS:
  CocoaAsyncSocket: b9d5589f07baf9de8f34cc25abd4fcba28f13805

PODFILE CHECKSUM: 7ab0033c45d6145d209ac97a4d0f7905792ec3af

COCOAPODS: 1.2.0
