// !$*UTF8*$!
{
	archiveVersion = 1;
	classes = {
	};
	objectVersion = 46;
	objects = {

/* Begin PBXBuildFile section */
		DC5778B013DBBF2E007881FC /* Cocoa.framework in Frameworks */ = {isa = PBXBuildFile; fileRef = DC5778AF13DBBF2E007881FC /* Cocoa.framework */; };
		DC5778BA13DBBF2E007881FC /* InfoPlist.strings in Resources */ = {isa = PBXBuildFile; fileRef = DC5778B813DBBF2E007881FC /* InfoPlist.strings */; };
		DC5778BD13DBBF2E007881FC /* main.m in Sources */ = {isa = PBXBuildFile; fileRef = DC5778BC13DBBF2E007881FC /* main.m */; };
		DC5778C013DBBF2E007881FC /* Credits.rtf in Resources */ = {isa = PBXBuildFile; fileRef = DC5778BE13DBBF2E007881FC /* Credits.rtf */; };
		DC5778C313DBBF2E007881FC /* ConnectTestAppDelegate.m in Sources */ = {isa = PBXBuildFile; fileRef = DC5778C213DBBF2E007881FC /* ConnectTestAppDelegate.m */; };
		DC5778C613DBBF2E007881FC /* MainMenu.xib in Resources */ = {isa = PBXBuildFile; fileRef = DC5778C413DBBF2E007881FC /* MainMenu.xib */; };
		DC5778D813DBBF72007881FC /* DDAbstractDatabaseLogger.m in Sources */ = {isa = PBXBuildFile; fileRef = DC5778CF13DBBF72007881FC /* DDAbstractDatabaseLogger.m */; };
		DC5778D913DBBF72007881FC /* DDASLLogger.m in Sources */ = {isa = PBXBuildFile; fileRef = DC5778D113DBBF72007881FC /* DDASLLogger.m */; };
		DC5778DA13DBBF72007881FC /* DDFileLogger.m in Sources */ = {isa = PBXBuildFile; fileRef = DC5778D313DBBF72007881FC /* DDFileLogger.m */; };
		DC5778DB13DBBF72007881FC /* DDLog.m in Sources */ = {isa = PBXBuildFile; fileRef = DC5778D513DBBF72007881FC /* DDLog.m */; };
		DC5778DC13DBBF72007881FC /* DDTTYLogger.m in Sources */ = {isa = PBXBuildFile; fileRef = DC5778D713DBBF72007881FC /* DDTTYLogger.m */; };
		DC5778DF13DBBF8F007881FC /* GCDAsyncSocket.m in Sources */ = {isa = PBXBuildFile; fileRef = DC5778DE13DBBF8F007881FC /* GCDAsyncSocket.m */; };
		DC5778E113DBC121007881FC /* Security.framework in Frameworks */ = {isa = PBXBuildFile; fileRef = DC5778E013DBC121007881FC /* Security.framework */; };
/* End PBXBuildFile section */

/* Begin PBXFileReference section */
		DC5778AB13DBBF2E007881FC /* ConnectTest.app */ = {isa = PBXFileReference; explicitFileType = wrapper.application; includeInIndex = 0; path = ConnectTest.app; sourceTree = BUILT_PRODUCTS_DIR; };
		DC5778AF13DBBF2E007881FC /* Cocoa.framework */ = {isa = PBXFileReference; lastKnownFileType = wrapper.framework; name = Cocoa.framework; path = System/Library/Frameworks/Cocoa.framework; sourceTree = SDKROOT; };
		DC5778B213DBBF2E007881FC /* AppKit.framework */ = {isa = PBXFileReference; lastKnownFileType = wrapper.framework; name = AppKit.framework; path = System/Library/Frameworks/AppKit.framework; sourceTree = SDKROOT; };
		DC5778B313DBBF2E007881FC /* CoreData.framework */ = {isa = PBXFileReference; lastKnownFileType = wrapper.framework; name = CoreData.framework; path = System/Library/Frameworks/CoreData.framework; sourceTree = SDKROOT; };
		DC5778B413DBBF2E007881FC /* Foundation.framework */ = {isa = PBXFileReference; lastKnownFileType = wrapper.framework; name = Foundation.framework; path = System/Library/Frameworks/Foundation.framework; sourceTree = SDKROOT; };
		DC5778B713DBBF2E007881FC /* ConnectTest-Info.plist */ = {isa = PBXFileReference; lastKnownFileType = text.plist.xml; path = "ConnectTest-Info.plist"; sourceTree = "<group>"; };
		DC5778B913DBBF2E007881FC /* en */ = {isa = PBXFileReference; lastKnownFileType = text.plist.strings; name = en; path = en.lproj/InfoPlist.strings; sourceTree = "<group>"; };
		DC5778BB13DBBF2E007881FC /* ConnectTest-Prefix.pch */ = {isa = PBXFileReference; lastKnownFileType = sourcecode.c.h; path = "ConnectTest-Prefix.pch"; sourceTree = "<group>"; };
		DC5778BC13DBBF2E007881FC /* main.m */ = {isa = PBXFileReference; lastKnownFileType = sourcecode.c.objc; path = main.m; sourceTree = "<group>"; };
		DC5778BF13DBBF2E007881FC /* en */ = {isa = PBXFileReference; lastKnownFileType = text.rtf; name = en; path = en.lproj/Credits.rtf; sourceTree = "<group>"; };
		DC5778C113DBBF2E007881FC /* ConnectTestAppDelegate.h */ = {isa = PBXFileReference; lastKnownFileType = sourcecode.c.h; path = ConnectTestAppDelegate.h; sourceTree = "<group>"; };
		DC5778C213DBBF2E007881FC /* ConnectTestAppDelegate.m */ = {isa = PBXFileReference; lastKnownFileType = sourcecode.c.objc; path = ConnectTestAppDelegate.m; sourceTree = "<group>"; };
		DC5778C513DBBF2E007881FC /* en */ = {isa = PBXFileReference; lastKnownFileType = file.xib; name = en; path = en.lproj/MainMenu.xib; sourceTree = "<group>"; };
		DC5778CE13DBBF72007881FC /* DDAbstractDatabaseLogger.h */ = {isa = PBXFileReference; fileEncoding = 4; lastKnownFileType = sourcecode.c.h; name = DDAbstractDatabaseLogger.h; path = ../../../../Vendor/CocoaLumberjack/DDAbstractDatabaseLogger.h; sourceTree = "<group>"; };
		DC5778CF13DBBF72007881FC /* DDAbstractDatabaseLogger.m */ = {isa = PBXFileReference; fileEncoding = 4; lastKnownFileType = sourcecode.c.objc; name = DDAbstractDatabaseLogger.m; path = ../../../../Vendor/CocoaLumberjack/DDAbstractDatabaseLogger.m; sourceTree = "<group>"; };
		DC5778D013DBBF72007881FC /* DDASLLogger.h */ = {isa = PBXFileReference; fileEncoding = 4; lastKnownFileType = sourcecode.c.h; name = DDASLLogger.h; path = ../../../../Vendor/CocoaLumberjack/DDASLLogger.h; sourceTree = "<group>"; };
		DC5778D113DBBF72007881FC /* DDASLLogger.m */ = {isa = PBXFileReference; fileEncoding = 4; lastKnownFileType = sourcecode.c.objc; name = DDASLLogger.m; path = ../../../../Vendor/CocoaLumberjack/DDASLLogger.m; sourceTree = "<group>"; };
		DC5778D213DBBF72007881FC /* DDFileLogger.h */ = {isa = PBXFileReference; fileEncoding = 4; lastKnownFileType = sourcecode.c.h; name = DDFileLogger.h; path = ../../../../Vendor/CocoaLumberjack/DDFileLogger.h; sourceTree = "<group>"; };
		DC5778D313DBBF72007881FC /* DDFileLogger.m */ = {isa = PBXFileReference; fileEncoding = 4; lastKnownFileType = sourcecode.c.objc; name = DDFileLogger.m; path = ../../../../Vendor/CocoaLumberjack/DDFileLogger.m; sourceTree = "<group>"; };
		DC5778D413DBBF72007881FC /* DDLog.h */ = {isa = PBXFileReference; fileEncoding = 4; lastKnownFileType = sourcecode.c.h; name = DDLog.h; path = ../../../../Vendor/CocoaLumberjack/DDLog.h; sourceTree = "<group>"; };
		DC5778D513DBBF72007881FC /* DDLog.m */ = {isa = PBXFileReference; fileEncoding = 4; lastKnownFileType = sourcecode.c.objc; name = DDLog.m; path = ../../../../Vendor/CocoaLumberjack/DDLog.m; sourceTree = "<group>"; };
		DC5778D613DBBF72007881FC /* DDTTYLogger.h */ = {isa = PBXFileReference; fileEncoding = 4; lastKnownFileType = sourcecode.c.h; name = DDTTYLogger.h; path = ../../../../Vendor/CocoaLumberjack/DDTTYLogger.h; sourceTree = "<group>"; };
		DC5778D713DBBF72007881FC /* DDTTYLogger.m */ = {isa = PBXFileReference; fileEncoding = 4; lastKnownFileType = sourcecode.c.objc; name = DDTTYLogger.m; path = ../../../../Vendor/CocoaLumberjack/DDTTYLogger.m; sourceTree = "<group>"; };
		DC5778DD13DBBF8F007881FC /* GCDAsyncSocket.h */ = {isa = PBXFileReference; fileEncoding = 4; lastKnownFileType = sourcecode.c.h; name = GCDAsyncSocket.h; path = ../../../../GCDAsyncSocket.h; sourceTree = "<group>"; };
		DC5778DE13DBBF8F007881FC /* GCDAsyncSocket.m */ = {isa = PBXFileReference; fileEncoding = 4; lastKnownFileType = sourcecode.c.objc; name = GCDAsyncSocket.m; path = ../../../../GCDAsyncSocket.m; sourceTree = "<group>"; };
		DC5778E013DBC121007881FC /* Security.framework */ = {isa = PBXFileReference; lastKnownFileType = wrapper.framework; name = Security.framework; path = System/Library/Frameworks/Security.framework; sourceTree = SDKROOT; };
/* End PBXFileReference section */

/* Begin PBXFrameworksBuildPhase section */
		DC5778A813DBBF2E007881FC /* Frameworks */ = {
			isa = PBXFrameworksBuildPhase;
			buildActionMask = 2147483647;
			files = (
				DC5778E113DBC121007881FC /* Security.framework in Frameworks */,
				DC5778B013DBBF2E007881FC /* Cocoa.framework in Frameworks */,
			);
			runOnlyForDeploymentPostprocessing = 0;
		};
/* End PBXFrameworksBuildPhase section */

/* Begin PBXGroup section */
		DC5778A013DBBF2E007881FC = {
			isa = PBXGroup;
			children = (
				DC5778CC13DBBF43007881FC /* Logging */,
				DC5778CD13DBBF50007881FC /* TCP */,
				DC5778B513DBBF2E007881FC /* ConnectTest */,
				DC5778AE13DBBF2E007881FC /* Frameworks */,
				DC5778AC13DBBF2E007881FC /* Products */,
			);
			sourceTree = "<group>";
		};
		DC5778AC13DBBF2E007881FC /* Products */ = {
			isa = PBXGroup;
			children = (
				DC5778AB13DBBF2E007881FC /* ConnectTest.app */,
			);
			name = Products;
			sourceTree = "<group>";
		};
		DC5778AE13DBBF2E007881FC /* Frameworks */ = {
			isa = PBXGroup;
			children = (
				DC5778AF13DBBF2E007881FC /* Cocoa.framework */,
				DC5778E013DBC121007881FC /* Security.framework */,
				DC5778B113DBBF2E007881FC /* Other Frameworks */,
			);
			name = Frameworks;
			sourceTree = "<group>";
		};
		DC5778B113DBBF2E007881FC /* Other Frameworks */ = {
			isa = PBXGroup;
			children = (
				DC5778B213DBBF2E007881FC /* AppKit.framework */,
				DC5778B313DBBF2E007881FC /* CoreData.framework */,
				DC5778B413DBBF2E007881FC /* Foundation.framework */,
			);
			name = "Other Frameworks";
			sourceTree = "<group>";
		};
		DC5778B513DBBF2E007881FC /* ConnectTest */ = {
			isa = PBXGroup;
			children = (
				DC5778C113DBBF2E007881FC /* ConnectTestAppDelegate.h */,
				DC5778C213DBBF2E007881FC /* ConnectTestAppDelegate.m */,
				DC5778C413DBBF2E007881FC /* MainMenu.xib */,
				DC5778B613DBBF2E007881FC /* Supporting Files */,
			);
			path = ConnectTest;
			sourceTree = "<group>";
		};
		DC5778B613DBBF2E007881FC /* Supporting Files */ = {
			isa = PBXGroup;
			children = (
				DC5778B713DBBF2E007881FC /* ConnectTest-Info.plist */,
				DC5778B813DBBF2E007881FC /* InfoPlist.strings */,
				DC5778BB13DBBF2E007881FC /* ConnectTest-Prefix.pch */,
				DC5778BC13DBBF2E007881FC /* main.m */,
				DC5778BE13DBBF2E007881FC /* Credits.rtf */,
			);
			name = "Supporting Files";
			sourceTree = "<group>";
		};
		DC5778CC13DBBF43007881FC /* Logging */ = {
			isa = PBXGroup;
			children = (
				DC5778D413DBBF72007881FC /* DDLog.h */,
				DC5778D513DBBF72007881FC /* DDLog.m */,
				DC5778D613DBBF72007881FC /* DDTTYLogger.h */,
				DC5778D713DBBF72007881FC /* DDTTYLogger.m */,
				DC5778D013DBBF72007881FC /* DDASLLogger.h */,
				DC5778D113DBBF72007881FC /* DDASLLogger.m */,
				DC5778D213DBBF72007881FC /* DDFileLogger.h */,
				DC5778D313DBBF72007881FC /* DDFileLogger.m */,
				DC5778CF13DBBF72007881FC /* DDAbstractDatabaseLogger.m */,
				DC5778CE13DBBF72007881FC /* DDAbstractDatabaseLogger.h */,
			);
			name = Logging;
			sourceTree = "<group>";
		};
		DC5778CD13DBBF50007881FC /* TCP */ = {
			isa = PBXGroup;
			children = (
				DC5778DD13DBBF8F007881FC /* GCDAsyncSocket.h */,
				DC5778DE13DBBF8F007881FC /* GCDAsyncSocket.m */,
			);
			name = TCP;
			sourceTree = "<group>";
		};
/* End PBXGroup section */

/* Begin PBXNativeTarget section */
		DC5778AA13DBBF2E007881FC /* ConnectTest */ = {
			isa = PBXNativeTarget;
			buildConfigurationList = DC5778C913DBBF2E007881FC /* Build configuration list for PBXNativeTarget "ConnectTest" */;
			buildPhases = (
				DC5778A713DBBF2E007881FC /* Sources */,
				DC5778A813DBBF2E007881FC /* Frameworks */,
				DC5778A913DBBF2E007881FC /* Resources */,
			);
			buildRules = (
			);
			dependencies = (
			);
			name = ConnectTest;
			productName = ConnectTest;
			productReference = DC5778AB13DBBF2E007881FC /* ConnectTest.app */;
			productType = "com.apple.product-type.application";
		};
/* End PBXNativeTarget section */

/* Begin PBXProject section */
		DC5778A213DBBF2E007881FC /* Project object */ = {
			isa = PBXProject;
			buildConfigurationList = DC5778A513DBBF2E007881FC /* Build configuration list for PBXProject "ConnectTest" */;
			compatibilityVersion = "Xcode 3.2";
			developmentRegion = English;
			hasScannedForEncodings = 0;
			knownRegions = (
				en,
			);
			mainGroup = DC5778A013DBBF2E007881FC;
			productRefGroup = DC5778AC13DBBF2E007881FC /* Products */;
			projectDirPath = "";
			projectRoot = "";
			targets = (
				DC5778AA13DBBF2E007881FC /* ConnectTest */,
			);
		};
/* End PBXProject section */

/* Begin PBXResourcesBuildPhase section */
		DC5778A913DBBF2E007881FC /* Resources */ = {
			isa = PBXResourcesBuildPhase;
			buildActionMask = 2147483647;
			files = (
				DC5778BA13DBBF2E007881FC /* InfoPlist.strings in Resources */,
				DC5778C013DBBF2E007881FC /* Credits.rtf in Resources */,
				DC5778C613DBBF2E007881FC /* MainMenu.xib in Resources */,
			);
			runOnlyForDeploymentPostprocessing = 0;
		};
/* End PBXResourcesBuildPhase section */

/* Begin PBXSourcesBuildPhase section */
		DC5778A713DBBF2E007881FC /* Sources */ = {
			isa = PBXSourcesBuildPhase;
			buildActionMask = 2147483647;
			files = (
				DC5778BD13DBBF2E007881FC /* main.m in Sources */,
				DC5778C313DBBF2E007881FC /* ConnectTestAppDelegate.m in Sources */,
				DC5778D813DBBF72007881FC /* DDAbstractDatabaseLogger.m in Sources */,
				DC5778D913DBBF72007881FC /* DDASLLogger.m in Sources */,
				DC5778DA13DBBF72007881FC /* DDFileLogger.m in Sources */,
				DC5778DB13DBBF72007881FC /* DDLog.m in Sources */,
				DC5778DC13DBBF72007881FC /* DDTTYLogger.m in Sources */,
				DC5778DF13DBBF8F007881FC /* GCDAsyncSocket.m in Sources */,
			);
			runOnlyForDeploymentPostprocessing = 0;
		};
/* End PBXSourcesBuildPhase section */

/* Begin PBXVariantGroup section */
		DC5778B813DBBF2E007881FC /* InfoPlist.strings */ = {
			isa = PBXVariantGroup;
			children = (
				DC5778B913DBBF2E007881FC /* en */,
			);
			name = InfoPlist.strings;
			sourceTree = "<group>";
		};
		DC5778BE13DBBF2E007881FC /* Credits.rtf */ = {
			isa = PBXVariantGroup;
			children = (
				DC5778BF13DBBF2E007881FC /* en */,
			);
			name = Credits.rtf;
			sourceTree = "<group>";
		};
		DC5778C413DBBF2E007881FC /* MainMenu.xib */ = {
			isa = PBXVariantGroup;
			children = (
				DC5778C513DBBF2E007881FC /* en */,
			);
			name = MainMenu.xib;
			sourceTree = "<group>";
		};
/* End PBXVariantGroup section */

/* Begin XCBuildConfiguration section */
		DC5778C713DBBF2E007881FC /* Debug */ = {
			isa = XCBuildConfiguration;
			buildSettings = {
				ARCHS = "$(ARCHS_STANDARD_32_64_BIT)";
				GCC_C_LANGUAGE_STANDARD = gnu99;
				GCC_OPTIMIZATION_LEVEL = 0;
				GCC_PREPROCESSOR_DEFINITIONS = DEBUG;
				GCC_SYMBOLS_PRIVATE_EXTERN = NO;
				GCC_VERSION = com.apple.compilers.llvm.clang.1_0;
				GCC_WARN_64_TO_32_BIT_CONVERSION = YES;
				GCC_WARN_ABOUT_MISSING_FIELD_INITIALIZERS = YES;
				GCC_WARN_ABOUT_MISSING_NEWLINE = YES;
				GCC_WARN_ABOUT_MISSING_PROTOTYPES = YES;
				GCC_WARN_ABOUT_RETURN_TYPE = YES;
				GCC_WARN_FOUR_CHARACTER_CONSTANTS = YES;
				GCC_WARN_INITIALIZER_NOT_FULLY_BRACKETED = YES;
				GCC_WARN_MISSING_PARENTHESES = YES;
				GCC_WARN_NON_VIRTUAL_DESTRUCTOR = YES;
				GCC_WARN_SHADOW = YES;
				GCC_WARN_UNDECLARED_SELECTOR = YES;
				GCC_WARN_UNKNOWN_PRAGMAS = YES;
				GCC_WARN_UNUSED_FUNCTION = YES;
				GCC_WARN_UNUSED_LABEL = YES;
				GCC_WARN_UNUSED_VALUE = YES;
				GCC_WARN_UNUSED_VARIABLE = YES;
				MACOSX_DEPLOYMENT_TARGET = 10.6;
				ONLY_ACTIVE_ARCH = YES;
				SDKROOT = macosx;
			};
			name = Debug;
		};
		DC5778C813DBBF2E007881FC /* Release */ = {
			isa = XCBuildConfiguration;
			buildSettings = {
				ARCHS = "$(ARCHS_STANDARD_32_64_BIT)";
				GCC_C_LANGUAGE_STANDARD = gnu99;
				GCC_VERSION = com.apple.compilers.llvm.clang.1_0;
				GCC_WARN_64_TO_32_BIT_CONVERSION = YES;
				GCC_WARN_ABOUT_MISSING_FIELD_INITIALIZERS = YES;
				GCC_WARN_ABOUT_MISSING_NEWLINE = YES;
				GCC_WARN_ABOUT_MISSING_PROTOTYPES = YES;
				GCC_WARN_ABOUT_RETURN_TYPE = YES;
				GCC_WARN_FOUR_CHARACTER_CONSTANTS = YES;
				GCC_WARN_INITIALIZER_NOT_FULLY_BRACKETED = YES;
				GCC_WARN_MISSING_PARENTHESES = YES;
				GCC_WARN_NON_VIRTUAL_DESTRUCTOR = YES;
				GCC_WARN_SHADOW = YES;
				GCC_WARN_UNDECLARED_SELECTOR = YES;
				GCC_WARN_UNKNOWN_PRAGMAS = YES;
				GCC_WARN_UNUSED_FUNCTION = YES;
				GCC_WARN_UNUSED_LABEL = YES;
				GCC_WARN_UNUSED_VALUE = YES;
				GCC_WARN_UNUSED_VARIABLE = YES;
				MACOSX_DEPLOYMENT_TARGET = 10.6;
				SDKROOT = macosx;
			};
			name = Release;
		};
		DC5778CA13DBBF2E007881FC /* Debug */ = {
			isa = XCBuildConfiguration;
			buildSettings = {
				ALWAYS_SEARCH_USER_PATHS = NO;
				COPY_PHASE_STRIP = NO;
				GCC_DYNAMIC_NO_PIC = NO;
				GCC_ENABLE_OBJC_EXCEPTIONS = YES;
				GCC_PRECOMPILE_PREFIX_HEADER = YES;
				GCC_PREFIX_HEADER = "ConnectTest/ConnectTest-Prefix.pch";
				INFOPLIST_FILE = "ConnectTest/ConnectTest-Info.plist";
				PRODUCT_NAME = "$(TARGET_NAME)";
				WRAPPER_EXTENSION = app;
			};
			name = Debug;
		};
		DC5778CB13DBBF2E007881FC /* Release */ = {
			isa = XCBuildConfiguration;
			buildSettings = {
				ALWAYS_SEARCH_USER_PATHS = NO;
				COPY_PHASE_STRIP = YES;
				DEBUG_INFORMATION_FORMAT = "dwarf-with-dsym";
				GCC_ENABLE_OBJC_EXCEPTIONS = YES;
				GCC_PRECOMPILE_PREFIX_HEADER = YES;
				GCC_PREFIX_HEADER = "ConnectTest/ConnectTest-Prefix.pch";
				INFOPLIST_FILE = "ConnectTest/ConnectTest-Info.plist";
				PRODUCT_NAME = "$(TARGET_NAME)";
				WRAPPER_EXTENSION = app;
			};
			name = Release;
		};
/* End XCBuildConfiguration section */

/* Begin XCConfigurationList section */
		DC5778A513DBBF2E007881FC /* Build configuration list for PBXProject "ConnectTest" */ = {
			isa = XCConfigurationList;
			buildConfigurations = (
				DC5778C713DBBF2E007881FC /* Debug */,
				DC5778C813DBBF2E007881FC /* Release */,
			);
			defaultConfigurationIsVisible = 0;
			defaultConfigurationName = Release;
		};
		DC5778C913DBBF2E007881FC /* Build configuration list for PBXNativeTarget "ConnectTest" */ = {
			isa = XCConfigurationList;
			buildConfigurations = (
				DC5778CA13DBBF2E007881FC /* Debug */,
				DC5778CB13DBBF2E007881FC /* Release */,
			);
			defaultConfigurationIsVisible = 0;
		};
/* End XCConfigurationList section */
	};
	rootObject = DC5778A213DBBF2E007881FC /* Project object */;
}
