// !$*UTF8*$!
{
	archiveVersion = 1;
	classes = {
	};
	objectVersion = 46;
	objects = {

/* Begin PBXBuildFile section */
		DC8890601573126D005C7A72 /* Cocoa.framework in Frameworks */ = {isa = PBXBuildFile; fileRef = DC88905F1573126D005C7A72 /* Cocoa.framework */; };
		DC88906A1573126D005C7A72 /* InfoPlist.strings in Resources */ = {isa = PBXBuildFile; fileRef = DC8890681573126D005C7A72 /* InfoPlist.strings */; };
		DC88906C1573126D005C7A72 /* main.m in Sources */ = {isa = PBXBuildFile; fileRef = DC88906B1573126D005C7A72 /* main.m */; };
		DC8890701573126E005C7A72 /* Credits.rtf in Resources */ = {isa = PBXBuildFile; fileRef = DC88906E1573126E005C7A72 /* Credits.rtf */; };
		DC8890731573126E005C7A72 /* AppDelegate.m in Sources */ = {isa = PBXBuildFile; fileRef = DC8890721573126E005C7A72 /* AppDelegate.m */; };
		DC8890761573126E005C7A72 /* MainMenu.xib in Resources */ = {isa = PBXBuildFile; fileRef = DC8890741573126E005C7A72 /* MainMenu.xib */; };
		DC88908515731348005C7A72 /* Security.framework in Frameworks */ = {isa = PBXBuildFile; fileRef = DC88908415731348005C7A72 /* Security.framework */; };
		DC8890971573144B005C7A72 /* DDAbstractDatabaseLogger.m in Sources */ = {isa = PBXBuildFile; fileRef = DC8890881573144B005C7A72 /* DDAbstractDatabaseLogger.m */; };
		DC8890981573144B005C7A72 /* DDASLLogger.m in Sources */ = {isa = PBXBuildFile; fileRef = DC88908A1573144B005C7A72 /* DDASLLogger.m */; };
		DC8890991573144B005C7A72 /* DDFileLogger.m in Sources */ = {isa = PBXBuildFile; fileRef = DC88908C1573144B005C7A72 /* DDFileLogger.m */; };
		DC88909A1573144B005C7A72 /* DDLog.m in Sources */ = {isa = PBXBuildFile; fileRef = DC88908E1573144B005C7A72 /* DDLog.m */; };
		DC88909B1573144B005C7A72 /* DDTTYLogger.m in Sources */ = {isa = PBXBuildFile; fileRef = DC8890901573144B005C7A72 /* DDTTYLogger.m */; };
		DC88909C1573144B005C7A72 /* ContextFilterLogFormatter.m in Sources */ = {isa = PBXBuildFile; fileRef = DC8890931573144B005C7A72 /* ContextFilterLogFormatter.m */; };
		DC88909D1573144B005C7A72 /* DispatchQueueLogFormatter.m in Sources */ = {isa = PBXBuildFile; fileRef = DC8890951573144B005C7A72 /* DispatchQueueLogFormatter.m */; };
		DC88909E1573144B005C7A72 /* README.txt in Resources */ = {isa = PBXBuildFile; fileRef = DC8890961573144B005C7A72 /* README.txt */; };
		DC8D3FF61575D41900AEF953 /* GCDAsyncSocket.m in Sources */ = {isa = PBXBuildFile; fileRef = DC8D3FF51575D41900AEF953 /* GCDAsyncSocket.m */; };
		DC8D3FFB1575D7A700AEF953 /* TestRingBuffer.m in Sources */ = {isa = PBXBuildFile; fileRef = DC8D3FFA1575D7A700AEF953 /* TestRingBuffer.m */; };
/* End PBXBuildFile section */

/* Begin PBXFileReference section */
		DC88905B1573126D005C7A72 /* TestRingBuffer.app */ = {isa = PBXFileReference; explicitFileType = wrapper.application; includeInIndex = 0; path = TestRingBuffer.app; sourceTree = BUILT_PRODUCTS_DIR; };
		DC88905F1573126D005C7A72 /* Cocoa.framework */ = {isa = PBXFileReference; lastKnownFileType = wrapper.framework; name = Cocoa.framework; path = System/Library/Frameworks/Cocoa.framework; sourceTree = SDKROOT; };
		DC8890621573126D005C7A72 /* AppKit.framework */ = {isa = PBXFileReference; lastKnownFileType = wrapper.framework; name = AppKit.framework; path = System/Library/Frameworks/AppKit.framework; sourceTree = SDKROOT; };
		DC8890631573126D005C7A72 /* CoreData.framework */ = {isa = PBXFileReference; lastKnownFileType = wrapper.framework; name = CoreData.framework; path = System/Library/Frameworks/CoreData.framework; sourceTree = SDKROOT; };
		DC8890641573126D005C7A72 /* Foundation.framework */ = {isa = PBXFileReference; lastKnownFileType = wrapper.framework; name = Foundation.framework; path = System/Library/Frameworks/Foundation.framework; sourceTree = SDKROOT; };
		DC8890671573126D005C7A72 /* TestRingBuffer-Info.plist */ = {isa = PBXFileReference; lastKnownFileType = text.plist.xml; path = "TestRingBuffer-Info.plist"; sourceTree = "<group>"; };
		DC8890691573126D005C7A72 /* en */ = {isa = PBXFileReference; lastKnownFileType = text.plist.strings; name = en; path = en.lproj/InfoPlist.strings; sourceTree = "<group>"; };
		DC88906B1573126D005C7A72 /* main.m */ = {isa = PBXFileReference; lastKnownFileType = sourcecode.c.objc; path = main.m; sourceTree = "<group>"; };
		DC88906D1573126E005C7A72 /* TestRingBuffer-Prefix.pch */ = {isa = PBXFileReference; lastKnownFileType = sourcecode.c.h; path = "TestRingBuffer-Prefix.pch"; sourceTree = "<group>"; };
		DC88906F1573126E005C7A72 /* en */ = {isa = PBXFileReference; lastKnownFileType = text.rtf; name = en; path = en.lproj/Credits.rtf; sourceTree = "<group>"; };
		DC8890711573126E005C7A72 /* AppDelegate.h */ = {isa = PBXFileReference; lastKnownFileType = sourcecode.c.h; path = AppDelegate.h; sourceTree = "<group>"; };
		DC8890721573126E005C7A72 /* AppDelegate.m */ = {isa = PBXFileReference; lastKnownFileType = sourcecode.c.objc; path = AppDelegate.m; sourceTree = "<group>"; };
		DC8890751573126E005C7A72 /* en */ = {isa = PBXFileReference; lastKnownFileType = file.xib; name = en; path = en.lproj/MainMenu.xib; sourceTree = "<group>"; };
		DC88908415731348005C7A72 /* Security.framework */ = {isa = PBXFileReference; lastKnownFileType = wrapper.framework; name = Security.framework; path = System/Library/Frameworks/Security.framework; sourceTree = SDKROOT; };
		DC8890871573144B005C7A72 /* DDAbstractDatabaseLogger.h */ = {isa = PBXFileReference; fileEncoding = 4; lastKnownFileType = sourcecode.c.h; path = DDAbstractDatabaseLogger.h; sourceTree = "<group>"; };
		DC8890881573144B005C7A72 /* DDAbstractDatabaseLogger.m */ = {isa = PBXFileReference; fileEncoding = 4; lastKnownFileType = sourcecode.c.objc; path = DDAbstractDatabaseLogger.m; sourceTree = "<group>"; };
		DC8890891573144B005C7A72 /* DDASLLogger.h */ = {isa = PBXFileReference; fileEncoding = 4; lastKnownFileType = sourcecode.c.h; path = DDASLLogger.h; sourceTree = "<group>"; };
		DC88908A1573144B005C7A72 /* DDASLLogger.m */ = {isa = PBXFileReference; fileEncoding = 4; lastKnownFileType = sourcecode.c.objc; path = DDASLLogger.m; sourceTree = "<group>"; };
		DC88908B1573144B005C7A72 /* DDFileLogger.h */ = {isa = PBXFileReference; fileEncoding = 4; lastKnownFileType = sourcecode.c.h; path = DDFileLogger.h; sourceTree = "<group>"; };
		DC88908C1573144B005C7A72 /* DDFileLogger.m */ = {isa = PBXFileReference; fileEncoding = 4; lastKnownFileType = sourcecode.c.objc; path = DDFileLogger.m; sourceTree = "<group>"; };
		DC88908D1573144B005C7A72 /* DDLog.h */ = {isa = PBXFileReference; fileEncoding = 4; lastKnownFileType = sourcecode.c.h; path = DDLog.h; sourceTree = "<group>"; };
		DC88908E1573144B005C7A72 /* DDLog.m */ = {isa = PBXFileReference; fileEncoding = 4; lastKnownFileType = sourcecode.c.objc; path = DDLog.m; sourceTree = "<group>"; };
		DC88908F1573144B005C7A72 /* DDTTYLogger.h */ = {isa = PBXFileReference; fileEncoding = 4; lastKnownFileType = sourcecode.c.h; path = DDTTYLogger.h; sourceTree = "<group>"; };
		DC8890901573144B005C7A72 /* DDTTYLogger.m */ = {isa = PBXFileReference; fileEncoding = 4; lastKnownFileType = sourcecode.c.objc; path = DDTTYLogger.m; sourceTree = "<group>"; };
		DC8890921573144B005C7A72 /* ContextFilterLogFormatter.h */ = {isa = PBXFileReference; fileEncoding = 4; lastKnownFileType = sourcecode.c.h; path = ContextFilterLogFormatter.h; sourceTree = "<group>"; };
		DC8890931573144B005C7A72 /* ContextFilterLogFormatter.m */ = {isa = PBXFileReference; fileEncoding = 4; lastKnownFileType = sourcecode.c.objc; path = ContextFilterLogFormatter.m; sourceTree = "<group>"; };
		DC8890941573144B005C7A72 /* DispatchQueueLogFormatter.h */ = {isa = PBXFileReference; fileEncoding = 4; lastKnownFileType = sourcecode.c.h; path = DispatchQueueLogFormatter.h; sourceTree = "<group>"; };
		DC8890951573144B005C7A72 /* DispatchQueueLogFormatter.m */ = {isa = PBXFileReference; fileEncoding = 4; lastKnownFileType = sourcecode.c.objc; path = DispatchQueueLogFormatter.m; sourceTree = "<group>"; };
		DC8890961573144B005C7A72 /* README.txt */ = {isa = PBXFileReference; fileEncoding = 4; lastKnownFileType = text; path = README.txt; sourceTree = "<group>"; };
		DC8D3FF41575D41900AEF953 /* GCDAsyncSocket.h */ = {isa = PBXFileReference; fileEncoding = 4; lastKnownFileType = sourcecode.c.h; name = GCDAsyncSocket.h; path = ../../../GCDAsyncSocket.h; sourceTree = "<group>"; };
		DC8D3FF51575D41900AEF953 /* GCDAsyncSocket.m */ = {isa = PBXFileReference; fileEncoding = 4; lastKnownFileType = sourcecode.c.objc; name = GCDAsyncSocket.m; path = ../../../GCDAsyncSocket.m; sourceTree = "<group>"; };
		DC8D3FF91575D7A700AEF953 /* TestRingBuffer.h */ = {isa = PBXFileReference; fileEncoding = 4; lastKnownFileType = sourcecode.c.h; name = TestRingBuffer.h; path = ../../Shared/TestRingBuffer.h; sourceTree = "<group>"; };
		DC8D3FFA1575D7A700AEF953 /* TestRingBuffer.m */ = {isa = PBXFileReference; fileEncoding = 4; lastKnownFileType = sourcecode.c.objc; name = TestRingBuffer.m; path = ../../Shared/TestRingBuffer.m; sourceTree = "<group>"; };
/* End PBXFileReference section */

/* Begin PBXFrameworksBuildPhase section */
		DC8890581573126D005C7A72 /* Frameworks */ = {
			isa = PBXFrameworksBuildPhase;
			buildActionMask = 2147483647;
			files = (
				DC88908515731348005C7A72 /* Security.framework in Frameworks */,
				DC8890601573126D005C7A72 /* Cocoa.framework in Frameworks */,
			);
			runOnlyForDeploymentPostprocessing = 0;
		};
/* End PBXFrameworksBuildPhase section */

/* Begin PBXGroup section */
		DC8890501573126D005C7A72 = {
			isa = PBXGroup;
			children = (
				DC8890861573144B005C7A72 /* CocoaLumberjack */,
				DC8D3FF81575D41D00AEF953 /* TCP */,
				DC8890651573126D005C7A72 /* TestRingBuffer */,
				DC88905E1573126D005C7A72 /* Frameworks */,
				DC88905C1573126D005C7A72 /* Products */,
			);
			sourceTree = "<group>";
		};
		DC88905C1573126D005C7A72 /* Products */ = {
			isa = PBXGroup;
			children = (
				DC88905B1573126D005C7A72 /* TestRingBuffer.app */,
			);
			name = Products;
			sourceTree = "<group>";
		};
		DC88905E1573126D005C7A72 /* Frameworks */ = {
			isa = PBXGroup;
			children = (
				DC88905F1573126D005C7A72 /* Cocoa.framework */,
				DC88908415731348005C7A72 /* Security.framework */,
				DC8890611573126D005C7A72 /* Other Frameworks */,
			);
			name = Frameworks;
			sourceTree = "<group>";
		};
		DC8890611573126D005C7A72 /* Other Frameworks */ = {
			isa = PBXGroup;
			children = (
				DC8890621573126D005C7A72 /* AppKit.framework */,
				DC8890631573126D005C7A72 /* CoreData.framework */,
				DC8890641573126D005C7A72 /* Foundation.framework */,
			);
			name = "Other Frameworks";
			sourceTree = "<group>";
		};
		DC8890651573126D005C7A72 /* TestRingBuffer */ = {
			isa = PBXGroup;
			children = (
				DC8D3FF91575D7A700AEF953 /* TestRingBuffer.h */,
				DC8D3FFA1575D7A700AEF953 /* TestRingBuffer.m */,
				DC8890711573126E005C7A72 /* AppDelegate.h */,
				DC8890721573126E005C7A72 /* AppDelegate.m */,
				DC8890741573126E005C7A72 /* MainMenu.xib */,
				DC8890661573126D005C7A72 /* Supporting Files */,
			);
			path = TestRingBuffer;
			sourceTree = "<group>";
		};
		DC8890661573126D005C7A72 /* Supporting Files */ = {
			isa = PBXGroup;
			children = (
				DC8890671573126D005C7A72 /* TestRingBuffer-Info.plist */,
				DC8890681573126D005C7A72 /* InfoPlist.strings */,
				DC88906B1573126D005C7A72 /* main.m */,
				DC88906D1573126E005C7A72 /* TestRingBuffer-Prefix.pch */,
				DC88906E1573126E005C7A72 /* Credits.rtf */,
			);
			name = "Supporting Files";
			sourceTree = "<group>";
		};
		DC8890861573144B005C7A72 /* CocoaLumberjack */ = {
			isa = PBXGroup;
			children = (
				DC8890871573144B005C7A72 /* DDAbstractDatabaseLogger.h */,
				DC8890881573144B005C7A72 /* DDAbstractDatabaseLogger.m */,
				DC8890891573144B005C7A72 /* DDASLLogger.h */,
				DC88908A1573144B005C7A72 /* DDASLLogger.m */,
				DC88908B1573144B005C7A72 /* DDFileLogger.h */,
				DC88908C1573144B005C7A72 /* DDFileLogger.m */,
				DC88908D1573144B005C7A72 /* DDLog.h */,
				DC88908E1573144B005C7A72 /* DDLog.m */,
				DC88908F1573144B005C7A72 /* DDTTYLogger.h */,
				DC8890901573144B005C7A72 /* DDTTYLogger.m */,
				DC8890911573144B005C7A72 /* Extensions */,
			);
			name = CocoaLumberjack;
			path = ../../../../Vendor/CocoaLumberjack;
			sourceTree = "<group>";
		};
		DC8890911573144B005C7A72 /* Extensions */ = {
			isa = PBXGroup;
			children = (
				DC8890921573144B005C7A72 /* ContextFilterLogFormatter.h */,
				DC8890931573144B005C7A72 /* ContextFilterLogFormatter.m */,
				DC8890941573144B005C7A72 /* DispatchQueueLogFormatter.h */,
				DC8890951573144B005C7A72 /* DispatchQueueLogFormatter.m */,
				DC8890961573144B005C7A72 /* README.txt */,
			);
			path = Extensions;
			sourceTree = "<group>";
		};
		DC8D3FF81575D41D00AEF953 /* TCP */ = {
			isa = PBXGroup;
			children = (
				DC8D3FF41575D41900AEF953 /* GCDAsyncSocket.h */,
				DC8D3FF51575D41900AEF953 /* GCDAsyncSocket.m */,
			);
			name = TCP;
			sourceTree = "<group>";
		};
/* End PBXGroup section */

/* Begin PBXNativeTarget section */
		DC88905A1573126D005C7A72 /* TestRingBuffer */ = {
			isa = PBXNativeTarget;
			buildConfigurationList = DC8890791573126E005C7A72 /* Build configuration list for PBXNativeTarget "TestRingBuffer" */;
			buildPhases = (
				DC8890571573126D005C7A72 /* Sources */,
				DC8890581573126D005C7A72 /* Frameworks */,
				DC8890591573126D005C7A72 /* Resources */,
			);
			buildRules = (
			);
			dependencies = (
			);
			name = TestRingBuffer;
			productName = TestRingBuffer;
			productReference = DC88905B1573126D005C7A72 /* TestRingBuffer.app */;
			productType = "com.apple.product-type.application";
		};
/* End PBXNativeTarget section */

/* Begin PBXProject section */
		DC8890521573126D005C7A72 /* Project object */ = {
			isa = PBXProject;
			attributes = {
				LastUpgradeCheck = 0430;
			};
			buildConfigurationList = DC8890551573126D005C7A72 /* Build configuration list for PBXProject "TestRingBuffer" */;
			compatibilityVersion = "Xcode 3.2";
			developmentRegion = English;
			hasScannedForEncodings = 0;
			knownRegions = (
				en,
			);
			mainGroup = DC8890501573126D005C7A72;
			productRefGroup = DC88905C1573126D005C7A72 /* Products */;
			projectDirPath = "";
			projectRoot = "";
			targets = (
				DC88905A1573126D005C7A72 /* TestRingBuffer */,
			);
		};
/* End PBXProject section */

/* Begin PBXResourcesBuildPhase section */
		DC8890591573126D005C7A72 /* Resources */ = {
			isa = PBXResourcesBuildPhase;
			buildActionMask = 2147483647;
			files = (
				DC88906A1573126D005C7A72 /* InfoPlist.strings in Resources */,
				DC8890701573126E005C7A72 /* Credits.rtf in Resources */,
				DC8890761573126E005C7A72 /* MainMenu.xib in Resources */,
				DC88909E1573144B005C7A72 /* README.txt in Resources */,
			);
			runOnlyForDeploymentPostprocessing = 0;
		};
/* End PBXResourcesBuildPhase section */

/* Begin PBXSourcesBuildPhase section */
		DC8890571573126D005C7A72 /* Sources */ = {
			isa = PBXSourcesBuildPhase;
			buildActionMask = 2147483647;
			files = (
				DC88906C1573126D005C7A72 /* main.m in Sources */,
				DC8890731573126E005C7A72 /* AppDelegate.m in Sources */,
				DC8890971573144B005C7A72 /* DDAbstractDatabaseLogger.m in Sources */,
				DC8890981573144B005C7A72 /* DDASLLogger.m in Sources */,
				DC8890991573144B005C7A72 /* DDFileLogger.m in Sources */,
				DC88909A1573144B005C7A72 /* DDLog.m in Sources */,
				DC88909B1573144B005C7A72 /* DDTTYLogger.m in Sources */,
				DC88909C1573144B005C7A72 /* ContextFilterLogFormatter.m in Sources */,
				DC88909D1573144B005C7A72 /* DispatchQueueLogFormatter.m in Sources */,
				DC8D3FF61575D41900AEF953 /* GCDAsyncSocket.m in Sources */,
				DC8D3FFB1575D7A700AEF953 /* TestRingBuffer.m in Sources */,
			);
			runOnlyForDeploymentPostprocessing = 0;
		};
/* End PBXSourcesBuildPhase section */

/* Begin PBXVariantGroup section */
		DC8890681573126D005C7A72 /* InfoPlist.strings */ = {
			isa = PBXVariantGroup;
			children = (
				DC8890691573126D005C7A72 /* en */,
			);
			name = InfoPlist.strings;
			sourceTree = "<group>";
		};
		DC88906E1573126E005C7A72 /* Credits.rtf */ = {
			isa = PBXVariantGroup;
			children = (
				DC88906F1573126E005C7A72 /* en */,
			);
			name = Credits.rtf;
			sourceTree = "<group>";
		};
		DC8890741573126E005C7A72 /* MainMenu.xib */ = {
			isa = PBXVariantGroup;
			children = (
				DC8890751573126E005C7A72 /* en */,
			);
			name = MainMenu.xib;
			sourceTree = "<group>";
		};
/* End PBXVariantGroup section */

/* Begin XCBuildConfiguration section */
		DC8890771573126E005C7A72 /* Debug */ = {
			isa = XCBuildConfiguration;
			buildSettings = {
				ALWAYS_SEARCH_USER_PATHS = NO;
				ARCHS = "$(ARCHS_STANDARD_64_BIT)";
				CLANG_ENABLE_OBJC_ARC = YES;
				COPY_PHASE_STRIP = NO;
				GCC_C_LANGUAGE_STANDARD = gnu99;
				GCC_DYNAMIC_NO_PIC = NO;
				GCC_ENABLE_OBJC_EXCEPTIONS = YES;
				GCC_OPTIMIZATION_LEVEL = 0;
				GCC_PREPROCESSOR_DEFINITIONS = (
					"DEBUG=1",
					"$(inherited)",
				);
				GCC_SYMBOLS_PRIVATE_EXTERN = NO;
				GCC_VERSION = com.apple.compilers.llvm.clang.1_0;
				GCC_WARN_64_TO_32_BIT_CONVERSION = YES;
				GCC_WARN_ABOUT_RETURN_TYPE = YES;
				GCC_WARN_UNINITIALIZED_AUTOS = YES;
				GCC_WARN_UNUSED_VARIABLE = YES;
				MACOSX_DEPLOYMENT_TARGET = 10.7;
				ONLY_ACTIVE_ARCH = YES;
				SDKROOT = macosx;
			};
			name = Debug;
		};
		DC8890781573126E005C7A72 /* Release */ = {
			isa = XCBuildConfiguration;
			buildSettings = {
				ALWAYS_SEARCH_USER_PATHS = NO;
				ARCHS = "$(ARCHS_STANDARD_64_BIT)";
				CLANG_ENABLE_OBJC_ARC = YES;
				COPY_PHASE_STRIP = YES;
				DEBUG_INFORMATION_FORMAT = "dwarf-with-dsym";
				GCC_C_LANGUAGE_STANDARD = gnu99;
				GCC_ENABLE_OBJC_EXCEPTIONS = YES;
				GCC_VERSION = com.apple.compilers.llvm.clang.1_0;
				GCC_WARN_64_TO_32_BIT_CONVERSION = YES;
				GCC_WARN_ABOUT_RETURN_TYPE = YES;
				GCC_WARN_UNINITIALIZED_AUTOS = YES;
				GCC_WARN_UNUSED_VARIABLE = YES;
				MACOSX_DEPLOYMENT_TARGET = 10.7;
				SDKROOT = macosx;
			};
			name = Release;
		};
		DC88907A1573126E005C7A72 /* Debug */ = {
			isa = XCBuildConfiguration;
			buildSettings = {
				GCC_PRECOMPILE_PREFIX_HEADER = YES;
				GCC_PREFIX_HEADER = "TestRingBuffer/TestRingBuffer-Prefix.pch";
				INFOPLIST_FILE = "TestRingBuffer/TestRingBuffer-Info.plist";
				PRODUCT_NAME = "$(TARGET_NAME)";
				WRAPPER_EXTENSION = app;
			};
			name = Debug;
		};
		DC88907B1573126E005C7A72 /* Release */ = {
			isa = XCBuildConfiguration;
			buildSettings = {
				GCC_PRECOMPILE_PREFIX_HEADER = YES;
				GCC_PREFIX_HEADER = "TestRingBuffer/TestRingBuffer-Prefix.pch";
				INFOPLIST_FILE = "TestRingBuffer/TestRingBuffer-Info.plist";
				PRODUCT_NAME = "$(TARGET_NAME)";
				WRAPPER_EXTENSION = app;
			};
			name = Release;
		};
/* End XCBuildConfiguration section */

/* Begin XCConfigurationList section */
		DC8890551573126D005C7A72 /* Build configuration list for PBXProject "TestRingBuffer" */ = {
			isa = XCConfigurationList;
			buildConfigurations = (
				DC8890771573126E005C7A72 /* Debug */,
				DC8890781573126E005C7A72 /* Release */,
			);
			defaultConfigurationIsVisible = 0;
			defaultConfigurationName = Release;
		};
		DC8890791573126E005C7A72 /* Build configuration list for PBXNativeTarget "TestRingBuffer" */ = {
			isa = XCConfigurationList;
			buildConfigurations = (
				DC88907A1573126E005C7A72 /* Debug */,
				DC88907B1573126E005C7A72 /* Release */,
			);
			defaultConfigurationIsVisible = 0;
			defaultConfigurationName = Release;
		};
/* End XCConfigurationList section */
	};
	rootObject = DC8890521573126D005C7A72 /* Project object */;
}
